
Microsoft Visual Studio Solution File, Format Version 12.00
# Visual Studio Version 17
VisualStudioVersion = 17.1.32328.378
MinimumVisualStudioVersion = 10.0.40219.1
Project("{9A19103F-16F7-4668-BE54-9A1E7A4F7556}") = "JNVAdmin.API", "JNVAdmin.API\JNVAdmin.API.csproj", "{D361BAEF-8C10-4ED6-B0B2-ABBA5B5727A7}"
EndProject
Project("{9A19103F-16F7-4668-BE54-9A1E7A4F7556}") = "JNVAdmin.Application", "JNVAdmin.Application\JNVAdmin.Application.csproj", "{9354EBFF-7C50-4CE7-AEA5-01F2645C34F9}"
EndProject
Project("{9A19103F-16F7-4668-BE54-9A1E7A4F7556}") = "JNVAdmin.Domain", "JNVAdmin.Domain\JNVAdmin.Domain.csproj", "{D01A68FB-54AD-4E9C-A3B1-7BA644B3EA7C}"
EndProject
Project("{9A19103F-16F7-4668-BE54-9A1E7A4F7556}") = "JNVAdmin.Infra.Data", "JNVAdmin.Infra.Data\JNVAdmin.Infra.Data.csproj", "{0823BAE1-A8D7-4551-9E1D-DEBE961C1DCB}"
EndProject
Project("{9A19103F-16F7-4668-BE54-9A1E7A4F7556}") = "JNVAdmin.Infra.IoC", "JNVAdmin.Infra.IoC\JNVAdmin.Infra.IoC.csproj", "{1ACB6FCA-C1DD-47D8-A22D-047A9C78897F}"
EndProject
Project("{FAE04EC0-301F-11D3-BF4B-00C04F79EFBC}") = "JNVAdmin.Domain.Tests", "JNVAdmin.Domain.Tests\JNVAdmin.Domain.Tests.csproj", "{0FEFE1A6-C903-4735-9420-B8BE843B9F2B}"
EndProject
Global
	GlobalSection(SolutionConfigurationPlatforms) = preSolution
		Debug|Any CPU = Debug|Any CPU
		Release|Any CPU = Release|Any CPU
	EndGlobalSection
	GlobalSection(ProjectConfigurationPlatforms) = postSolution
		{D361BAEF-8C10-4ED6-B0B2-ABBA5B5727A7}.Debug|Any CPU.ActiveCfg = Debug|Any CPU
		{D361BAEF-8C10-4ED6-B0B2-ABBA5B5727A7}.Debug|Any CPU.Build.0 = Debug|Any CPU
		{D361BAEF-8C10-4ED6-B0B2-ABBA5B5727A7}.Release|Any CPU.ActiveCfg = Release|Any CPU
		{D361BAEF-8C10-4ED6-B0B2-ABBA5B5727A7}.Release|Any CPU.Build.0 = Release|Any CPU
		{9354EBFF-7C50-4CE7-AEA5-01F2645C34F9}.Debug|Any CPU.ActiveCfg = Debug|Any CPU
		{9354EBFF-7C50-4CE7-AEA5-01F2645C34F9}.Debug|Any CPU.Build.0 = Debug|Any CPU
		{9354EBFF-7C50-4CE7-AEA5-01F2645C34F9}.Release|Any CPU.ActiveCfg = Release|Any CPU
		{9354EBFF-7C50-4CE7-AEA5-01F2645C34F9}.Release|Any CPU.Build.0 = Release|Any CPU
		{D01A68FB-54AD-4E9C-A3B1-7BA644B3EA7C}.Debug|Any CPU.ActiveCfg = Debug|Any CPU
		{D01A68FB-54AD-4E9C-A3B1-7BA644B3EA7C}.Debug|Any CPU.Build.0 = Debug|Any CPU
		{D01A68FB-54AD-4E9C-A3B1-7BA644B3EA7C}.Release|Any CPU.ActiveCfg = Release|Any CPU
		{D01A68FB-54AD-4E9C-A3B1-7BA644B3EA7C}.Release|Any CPU.Build.0 = Release|Any CPU
		{0823BAE1-A8D7-4551-9E1D-DEBE961C1DCB}.Debug|Any CPU.ActiveCfg = Debug|Any CPU
		{0823BAE1-A8D7-4551-9E1D-DEBE961C1DCB}.Debug|Any CPU.Build.0 = Debug|Any CPU
		{0823BAE1-A8D7-4551-9E1D-DEBE961C1DCB}.Release|Any CPU.ActiveCfg = Release|Any CPU
		{0823BAE1-A8D7-4551-9E1D-DEBE961C1DCB}.Release|Any CPU.Build.0 = Release|Any CPU
		{1ACB6FCA-C1DD-47D8-A22D-047A9C78897F}.Debug|Any CPU.ActiveCfg = Debug|Any CPU
		{1ACB6FCA-C1DD-47D8-A22D-047A9C78897F}.Debug|Any CPU.Build.0 = Debug|Any CPU
		{1ACB6FCA-C1DD-47D8-A22D-047A9C78897F}.Release|Any CPU.ActiveCfg = Release|Any CPU
		{1ACB6FCA-C1DD-47D8-A22D-047A9C78897F}.Release|Any CPU.Build.0 = Release|Any CPU
		{0FEFE1A6-C903-4735-9420-B8BE843B9F2B}.Debug|Any CPU.ActiveCfg = Debug|Any CPU
		{0FEFE1A6-C903-4735-9420-B8BE843B9F2B}.Debug|Any CPU.Build.0 = Debug|Any CPU
		{0FEFE1A6-C903-4735-9420-B8BE843B9F2B}.Release|Any CPU.ActiveCfg = Release|Any CPU
		{0FEFE1A6-C903-4735-9420-B8BE843B9F2B}.Release|Any CPU.Build.0 = Release|Any CPU
	EndGlobalSection
	GlobalSection(SolutionProperties) = preSolution
		HideSolutionNode = FALSE
	EndGlobalSection
	GlobalSection(ExtensibilityGlobals) = postSolution
		SolutionGuid = {C53BDBEA-BD80-410D-AC49-07039BAC4E26}
	EndGlobalSection
EndGlobal
